
Microsoft Visual Studio Solution File, Format Version 12.00
# Visual Studio Version 16
VisualStudioVersion = 16.0.29123.88
MinimumVisualStudioVersion = 10.0.40219.1
Project("{9A19103F-16F7-4668-BE54-9A1E7A4F7556}") = "20190802_01", "20190802_01\20190802_01.csproj", "{A0D6A595-70C9-4B06-B5F6-FE9F3BCE476B}"
EndProject
Project("{FAE04EC0-301F-11D3-BF4B-00C04F79EFBC}") = "ClassLibrary1", "ClassLibrary1\ClassLibrary1.csproj", "{08A30C28-05EB-4D61-AAA4-FB320C93330C}"
EndProject
Global
	GlobalSection(SolutionConfigurationPlatforms) = preSolution
		Debug|Any CPU = Debug|Any CPU
		Release|Any CPU = Release|Any CPU
	EndGlobalSection
	GlobalSection(ProjectConfigurationPlatforms) = postSolution
		{A0D6A595-70C9-4B06-B5F6-FE9F3BCE476B}.Debug|Any CPU.ActiveCfg = Debug|Any CPU
		{A0D6A595-70C9-4B06-B5F6-FE9F3BCE476B}.Debug|Any CPU.Build.0 = Debug|Any CPU
		{A0D6A595-70C9-4B06-B5F6-FE9F3BCE476B}.Release|Any CPU.ActiveCfg = Release|Any CPU
		{A0D6A595-70C9-4B06-B5F6-FE9F3BCE476B}.Release|Any CPU.Build.0 = Release|Any CPU
		{08A30C28-05EB-4D61-AAA4-FB320C93330C}.Debug|Any CPU.ActiveCfg = Debug|Any CPU
		{08A30C28-05EB-4D61-AAA4-FB320C93330C}.Debug|Any CPU.Build.0 = Debug|Any CPU
		{08A30C28-05EB-4D61-AAA4-FB320C93330C}.Release|Any CPU.ActiveCfg = Release|Any CPU
		{08A30C28-05EB-4D61-AAA4-FB320C93330C}.Release|Any CPU.Build.0 = Release|Any CPU
	EndGlobalSection
	GlobalSection(SolutionProperties) = preSolution
		HideSolutionNode = FALSE
	EndGlobalSection
	GlobalSection(ExtensibilityGlobals) = postSolution
		SolutionGuid = {A3D8AB4B-A75B-41AA-9D48-DEBAE23AD4D3}
	EndGlobalSection
EndGlobal
